
Microsoft Visual Studio Solution File, Format Version 12.00
# Visual Studio Version 17
VisualStudioVersion = 17.4.33205.214
MinimumVisualStudioVersion = 10.0.40219.1
Project("{8BC9CEB8-8B4A-11D0-8D11-00A0C91BC942}") = "processMaster", "processMaster\processMaster.vcxproj", "{3149FA6F-26A7-480D-882A-4F8990918C2F}"
EndProject
Project("{8BC9CEB8-8B4A-11D0-8D11-00A0C91BC942}") = "inject", "inject\inject.vcxproj", "{2F382D78-46DD-4A27-B41C-2DB31600AD01}"
EndProject
Project("{8BC9CEB8-8B4A-11D0-8D11-00A0C91BC942}") = "attachToMe", "attachToMe\attachToMe.vcxproj", "{E8CC63DA-9B28-4460-85EC-F8AEE801353E}"
EndProject
Global
	GlobalSection(SolutionConfigurationPlatforms) = preSolution
		Debug|x64 = Debug|x64
		Debug|x86 = Debug|x86
		Release|x64 = Release|x64
		Release|x86 = Release|x86
	EndGlobalSection
	GlobalSection(ProjectConfigurationPlatforms) = postSolution
		{3149FA6F-26A7-480D-882A-4F8990918C2F}.Debug|x64.ActiveCfg = Debug|x64
		{3149FA6F-26A7-480D-882A-4F8990918C2F}.Debug|x64.Build.0 = Debug|x64
		{3149FA6F-26A7-480D-882A-4F8990918C2F}.Debug|x86.ActiveCfg = Debug|Win32
		{3149FA6F-26A7-480D-882A-4F8990918C2F}.Debug|x86.Build.0 = Debug|Win32
		{3149FA6F-26A7-480D-882A-4F8990918C2F}.Release|x64.ActiveCfg = Release|x64
		{3149FA6F-26A7-480D-882A-4F8990918C2F}.Release|x64.Build.0 = Release|x64
		{3149FA6F-26A7-480D-882A-4F8990918C2F}.Release|x86.ActiveCfg = Release|Win32
		{3149FA6F-26A7-480D-882A-4F8990918C2F}.Release|x86.Build.0 = Release|Win32
		{2F382D78-46DD-4A27-B41C-2DB31600AD01}.Debug|x64.ActiveCfg = Debug|x64
		{2F382D78-46DD-4A27-B41C-2DB31600AD01}.Debug|x64.Build.0 = Debug|x64
		{2F382D78-46DD-4A27-B41C-2DB31600AD01}.Debug|x86.ActiveCfg = Debug|Win32
		{2F382D78-46DD-4A27-B41C-2DB31600AD01}.Debug|x86.Build.0 = Debug|Win32
		{2F382D78-46DD-4A27-B41C-2DB31600AD01}.Release|x64.ActiveCfg = Release|x64
		{2F382D78-46DD-4A27-B41C-2DB31600AD01}.Release|x64.Build.0 = Release|x64
		{2F382D78-46DD-4A27-B41C-2DB31600AD01}.Release|x86.ActiveCfg = Release|Win32
		{2F382D78-46DD-4A27-B41C-2DB31600AD01}.Release|x86.Build.0 = Release|Win32
		{E8CC63DA-9B28-4460-85EC-F8AEE801353E}.Debug|x64.ActiveCfg = Debug|x64
		{E8CC63DA-9B28-4460-85EC-F8AEE801353E}.Debug|x64.Build.0 = Debug|x64
		{E8CC63DA-9B28-4460-85EC-F8AEE801353E}.Debug|x86.ActiveCfg = Debug|Win32
		{E8CC63DA-9B28-4460-85EC-F8AEE801353E}.Debug|x86.Build.0 = Debug|Win32
		{E8CC63DA-9B28-4460-85EC-F8AEE801353E}.Release|x64.ActiveCfg = Release|x64
		{E8CC63DA-9B28-4460-85EC-F8AEE801353E}.Release|x64.Build.0 = Release|x64
		{E8CC63DA-9B28-4460-85EC-F8AEE801353E}.Release|x86.ActiveCfg = Release|Win32
		{E8CC63DA-9B28-4460-85EC-F8AEE801353E}.Release|x86.Build.0 = Release|Win32
	EndGlobalSection
	GlobalSection(SolutionProperties) = preSolution
		HideSolutionNode = FALSE
	EndGlobalSection
	GlobalSection(ExtensibilityGlobals) = postSolution
		SolutionGuid = {802EEFE9-5FB0-4EB4-A34F-A53BF3F810F7}
	EndGlobalSection
EndGlobal
